
Microsoft Visual Studio Solution File, Format Version 12.00
# Visual Studio Version 17
VisualStudioVersion = 17.13.35818.85 d17.13
MinimumVisualStudioVersion = 10.0.40219.1
Project("{FAE04EC0-301F-11D3-BF4B-00C04F79EFBC}") = "AV1 - Programação Orientada a Objetos", "AV1 - Programação Orientada a Objetos.csproj", "{7D240AA3-4D1D-4A34-ADF1-547861587ABC}"
EndProject
Global
	GlobalSection(SolutionConfigurationPlatforms) = preSolution
		Debug|Any CPU = Debug|Any CPU
		Release|Any CPU = Release|Any CPU
	EndGlobalSection
	GlobalSection(ProjectConfigurationPlatforms) = postSolution
		{7D240AA3-4D1D-4A34-ADF1-547861587ABC}.Debug|Any CPU.ActiveCfg = Debug|Any CPU
		{7D240AA3-4D1D-4A34-ADF1-547861587ABC}.Debug|Any CPU.Build.0 = Debug|Any CPU
		{7D240AA3-4D1D-4A34-ADF1-547861587ABC}.Release|Any CPU.ActiveCfg = Release|Any CPU
		{7D240AA3-4D1D-4A34-ADF1-547861587ABC}.Release|Any CPU.Build.0 = Release|Any CPU
	EndGlobalSection
	GlobalSection(SolutionProperties) = preSolution
		HideSolutionNode = FALSE
	EndGlobalSection
	GlobalSection(ExtensibilityGlobals) = postSolution
		SolutionGuid = {86CD9EE4-5756-4B6E-9C5A-83D812868070}
	EndGlobalSection
EndGlobal
